
Microsoft Visual Studio Solution File, Format Version 12.00
# Visual Studio Version 17
VisualStudioVersion = 17.5.002.0
MinimumVisualStudioVersion = 10.0.40219.1
Project("{9A19103F-16F7-4668-BE54-9A1E7A4F7556}") = "DesafioProjetoHospedagem", "DesafioProjetoHospedagem.csproj", "{1BA45B63-9B25-4ED7-9598-5FB0668D3813}"
EndProject
Global
	GlobalSection(SolutionConfigurationPlatforms) = preSolution
		Debug|Any CPU = Debug|Any CPU
		Release|Any CPU = Release|Any CPU
	EndGlobalSection
	GlobalSection(ProjectConfigurationPlatforms) = postSolution
		{1BA45B63-9B25-4ED7-9598-5FB0668D3813}.Debug|Any CPU.ActiveCfg = Debug|Any CPU
		{1BA45B63-9B25-4ED7-9598-5FB0668D3813}.Debug|Any CPU.Build.0 = Debug|Any CPU
		{1BA45B63-9B25-4ED7-9598-5FB0668D3813}.Release|Any CPU.ActiveCfg = Release|Any CPU
		{1BA45B63-9B25-4ED7-9598-5FB0668D3813}.Release|Any CPU.Build.0 = Release|Any CPU
	EndGlobalSection
	GlobalSection(SolutionProperties) = preSolution
		HideSolutionNode = FALSE
	EndGlobalSection
	GlobalSection(ExtensibilityGlobals) = postSolution
		SolutionGuid = {7A4C72D6-D31F-4EAF-AE8D-2545FDBA6BE8}
	EndGlobalSection
EndGlobal
